
Microsoft Visual Studio Solution File, Format Version 12.00
# Visual Studio Version 16
VisualStudioVersion = 16.0.29326.143
MinimumVisualStudioVersion = 10.0.40219.1
Project("{FAE04EC0-301F-11D3-BF4B-00C04F79EFBC}") = "ProjekatSaBazom", "ProjekatSaBazom\ProjekatSaBazom.csproj", "{B3B5A8B2-2955-46AA-91C6-0DF30D8A5638}"
EndProject
Global
	GlobalSection(SolutionConfigurationPlatforms) = preSolution
		Debug|Any CPU = Debug|Any CPU
		Release|Any CPU = Release|Any CPU
	EndGlobalSection
	GlobalSection(ProjectConfigurationPlatforms) = postSolution
		{B3B5A8B2-2955-46AA-91C6-0DF30D8A5638}.Debug|Any CPU.ActiveCfg = Debug|Any CPU
		{B3B5A8B2-2955-46AA-91C6-0DF30D8A5638}.Debug|Any CPU.Build.0 = Debug|Any CPU
		{B3B5A8B2-2955-46AA-91C6-0DF30D8A5638}.Release|Any CPU.ActiveCfg = Release|Any CPU
		{B3B5A8B2-2955-46AA-91C6-0DF30D8A5638}.Release|Any CPU.Build.0 = Release|Any CPU
	EndGlobalSection
	GlobalSection(SolutionProperties) = preSolution
		HideSolutionNode = FALSE
	EndGlobalSection
	GlobalSection(ExtensibilityGlobals) = postSolution
		SolutionGuid = {2C185763-EE22-4118-8EFF-BA714D9BECDB}
	EndGlobalSection
EndGlobal
